// !$*UTF8*$!
{
	archiveVersion = 1;
	classes = {
	};
	objectVersion = 51;
	objects = {

/* Begin PBXBuildFile section */
		071927CC23E2B0B50040CB39 /* MovieCell.swift in Sources */ = {isa = PBXBuildFile; fileRef = 071927CB23E2B0B50040CB39 /* MovieCell.swift */; };
		077EF60223EBE38E00A149B9 /* MovieDetailsViewController.swift in Sources */ = {isa = PBXBuildFile; fileRef = 077EF60123EBE38E00A149B9 /* MovieDetailsViewController.swift */; };
		077EF60423EBEBC500A149B9 /* MovieGridViewController.swift in Sources */ = {isa = PBXBuildFile; fileRef = 077EF60323EBEBC500A149B9 /* MovieGridViewController.swift */; };
		077EF60623EBFDDF00A149B9 /* MovieGridCell.swift in Sources */ = {isa = PBXBuildFile; fileRef = 077EF60523EBFDDE00A149B9 /* MovieGridCell.swift */; };
		07A99F7923DFE98D00BD1787 /* AppDelegate.swift in Sources */ = {isa = PBXBuildFile; fileRef = 07A99F7823DFE98D00BD1787 /* AppDelegate.swift */; };
		07A99F7B23DFE98D00BD1787 /* SceneDelegate.swift in Sources */ = {isa = PBXBuildFile; fileRef = 07A99F7A23DFE98D00BD1787 /* SceneDelegate.swift */; };
		07A99F7D23DFE98D00BD1787 /* ViewController.swift in Sources */ = {isa = PBXBuildFile; fileRef = 07A99F7C23DFE98D00BD1787 /* ViewController.swift */; };
		07A99F8023DFE98D00BD1787 /* Main.storyboard in Resources */ = {isa = PBXBuildFile; fileRef = 07A99F7E23DFE98D00BD1787 /* Main.storyboard */; };
		07A99F8223DFE98E00BD1787 /* Assets.xcassets in Resources */ = {isa = PBXBuildFile; fileRef = 07A99F8123DFE98E00BD1787 /* Assets.xcassets */; };
		07A99F8523DFE98E00BD1787 /* LaunchScreen.storyboard in Resources */ = {isa = PBXBuildFile; fileRef = 07A99F8323DFE98E00BD1787 /* LaunchScreen.storyboard */; };
		07A99F9023DFE98E00BD1787 /* FlixTests.swift in Sources */ = {isa = PBXBuildFile; fileRef = 07A99F8F23DFE98E00BD1787 /* FlixTests.swift */; };
		07A99F9B23DFE98E00BD1787 /* FlixUITests.swift in Sources */ = {isa = PBXBuildFile; fileRef = 07A99F9A23DFE98E00BD1787 /* FlixUITests.swift */; };
		85F5FFFD6648A6DC1E760407 /* Pods_FlixTests.framework in Frameworks */ = {isa = PBXBuildFile; fileRef = FB060BA6B72BDA5370318F2C /* Pods_FlixTests.framework */; };
		9D3A85999E9457B30FE2EC8F /* Pods_Flix.framework in Frameworks */ = {isa = PBXBuildFile; fileRef = 63E3CEF7F08B6D464094DC23 /* Pods_Flix.framework */; };
		B124FFD12F22B12ECE2D3868 /* Pods_Flix_FlixUITests.framework in Frameworks */ = {isa = PBXBuildFile; fileRef = 374E3886764EE3E987ED6D83 /* Pods_Flix_FlixUITests.framework */; };
/* End PBXBuildFile section */

/* Begin PBXContainerItemProxy section */
		07A99F8C23DFE98E00BD1787 /* PBXContainerItemProxy */ = {
			isa = PBXContainerItemProxy;
			containerPortal = 07A99F6D23DFE98D00BD1787 /* Project object */;
			proxyType = 1;
			remoteGlobalIDString = 07A99F7423DFE98D00BD1787;
			remoteInfo = Flix;
		};
		07A99F9723DFE98E00BD1787 /* PBXContainerItemProxy */ = {
			isa = PBXContainerItemProxy;
			containerPortal = 07A99F6D23DFE98D00BD1787 /* Project object */;
			proxyType = 1;
			remoteGlobalIDString = 07A99F7423DFE98D00BD1787;
			remoteInfo = Flix;
		};
/* End PBXContainerItemProxy section */

/* Begin PBXFileReference section */
		071927CB23E2B0B50040CB39 /* MovieCell.swift */ = {isa = PBXFileReference; lastKnownFileType = sourcecode.swift; path = MovieCell.swift; sourceTree = "<group>"; };
		077EF60123EBE38E00A149B9 /* MovieDetailsViewController.swift */ = {isa = PBXFileReference; lastKnownFileType = sourcecode.swift; path = MovieDetailsViewController.swift; sourceTree = "<group>"; };
		077EF60323EBEBC500A149B9 /* MovieGridViewController.swift */ = {isa = PBXFileReference; lastKnownFileType = sourcecode.swift; path = MovieGridViewController.swift; sourceTree = "<group>"; };
		077EF60523EBFDDE00A149B9 /* MovieGridCell.swift */ = {isa = PBXFileReference; lastKnownFileType = sourcecode.swift; path = MovieGridCell.swift; sourceTree = "<group>"; };
		07A99F7523DFE98D00BD1787 /* Flix.app */ = {isa = PBXFileReference; explicitFileType = wrapper.application; includeInIndex = 0; path = Flix.app; sourceTree = BUILT_PRODUCTS_DIR; };
		07A99F7823DFE98D00BD1787 /* AppDelegate.swift */ = {isa = PBXFileReference; lastKnownFileType = sourcecode.swift; path = AppDelegate.swift; sourceTree = "<group>"; };
		07A99F7A23DFE98D00BD1787 /* SceneDelegate.swift */ = {isa = PBXFileReference; lastKnownFileType = sourcecode.swift; path = SceneDelegate.swift; sourceTree = "<group>"; };
		07A99F7C23DFE98D00BD1787 /* ViewController.swift */ = {isa = PBXFileReference; lastKnownFileType = sourcecode.swift; path = ViewController.swift; sourceTree = "<group>"; };
		07A99F7F23DFE98D00BD1787 /* Base */ = {isa = PBXFileReference; lastKnownFileType = file.storyboard; name = Base; path = Base.lproj/Main.storyboard; sourceTree = "<group>"; };
		07A99F8123DFE98E00BD1787 /* Assets.xcassets */ = {isa = PBXFileReference; lastKnownFileType = folder.assetcatalog; path = Assets.xcassets; sourceTree = "<group>"; };
		07A99F8423DFE98E00BD1787 /* Base */ = {isa = PBXFileReference; lastKnownFileType = file.storyboard; name = Base; path = Base.lproj/LaunchScreen.storyboard; sourceTree = "<group>"; };
		07A99F8623DFE98E00BD1787 /* Info.plist */ = {isa = PBXFileReference; lastKnownFileType = text.plist.xml; path = Info.plist; sourceTree = "<group>"; };
		07A99F8B23DFE98E00BD1787 /* FlixTests.xctest */ = {isa = PBXFileReference; explicitFileType = wrapper.cfbundle; includeInIndex = 0; path = FlixTests.xctest; sourceTree = BUILT_PRODUCTS_DIR; };
		07A99F8F23DFE98E00BD1787 /* FlixTests.swift */ = {isa = PBXFileReference; lastKnownFileType = sourcecode.swift; path = FlixTests.swift; sourceTree = "<group>"; };
		07A99F9123DFE98E00BD1787 /* Info.plist */ = {isa = PBXFileReference; lastKnownFileType = text.plist.xml; path = Info.plist; sourceTree = "<group>"; };
		07A99F9623DFE98E00BD1787 /* FlixUITests.xctest */ = {isa = PBXFileReference; explicitFileType = wrapper.cfbundle; includeInIndex = 0; path = FlixUITests.xctest; sourceTree = BUILT_PRODUCTS_DIR; };
		07A99F9A23DFE98E00BD1787 /* FlixUITests.swift */ = {isa = PBXFileReference; lastKnownFileType = sourcecode.swift; path = FlixUITests.swift; sourceTree = "<group>"; };
		07A99F9C23DFE98E00BD1787 /* Info.plist */ = {isa = PBXFileReference; lastKnownFileType = text.plist.xml; path = Info.plist; sourceTree = "<group>"; };
		374E3886764EE3E987ED6D83 /* Pods_Flix_FlixUITests.framework */ = {isa = PBXFileReference; explicitFileType = wrapper.framework; includeInIndex = 0; path = Pods_Flix_FlixUITests.framework; sourceTree = BUILT_PRODUCTS_DIR; };
		63E3CEF7F08B6D464094DC23 /* Pods_Flix.framework */ = {isa = PBXFileReference; explicitFileType = wrapper.framework; includeInIndex = 0; path = Pods_Flix.framework; sourceTree = BUILT_PRODUCTS_DIR; };
		725BA14BFA2DCCF934DBBCB7 /* Pods-Flix-FlixUITests.release.xcconfig */ = {isa = PBXFileReference; includeInIndex = 1; lastKnownFileType = text.xcconfig; name = "Pods-Flix-FlixUITests.release.xcconfig"; path = "Target Support Files/Pods-Flix-FlixUITests/Pods-Flix-FlixUITests.release.xcconfig"; sourceTree = "<group>"; };
		73765469CDE9D420A9D1CA18 /* Pods-Flix.release.xcconfig */ = {isa = PBXFileReference; includeInIndex = 1; lastKnownFileType = text.xcconfig; name = "Pods-Flix.release.xcconfig"; path = "Target Support Files/Pods-Flix/Pods-Flix.release.xcconfig"; sourceTree = "<group>"; };
		75F4959D4125AF84B95A8F39 /* Pods-Flix-FlixUITests.debug.xcconfig */ = {isa = PBXFileReference; includeInIndex = 1; lastKnownFileType = text.xcconfig; name = "Pods-Flix-FlixUITests.debug.xcconfig"; path = "Target Support Files/Pods-Flix-FlixUITests/Pods-Flix-FlixUITests.debug.xcconfig"; sourceTree = "<group>"; };
		D783F2777F8AAAB5A9CA2390 /* Pods-Flix.debug.xcconfig */ = {isa = PBXFileReference; includeInIndex = 1; lastKnownFileType = text.xcconfig; name = "Pods-Flix.debug.xcconfig"; path = "Target Support Files/Pods-Flix/Pods-Flix.debug.xcconfig"; sourceTree = "<group>"; };
		F06DAF667B72DA98EC89D41D /* Pods-FlixTests.debug.xcconfig */ = {isa = PBXFileReference; includeInIndex = 1; lastKnownFileType = text.xcconfig; name = "Pods-FlixTests.debug.xcconfig"; path = "Target Support Files/Pods-FlixTests/Pods-FlixTests.debug.xcconfig"; sourceTree = "<group>"; };
		FB060BA6B72BDA5370318F2C /* Pods_FlixTests.framework */ = {isa = PBXFileReference; explicitFileType = wrapper.framework; includeInIndex = 0; path = Pods_FlixTests.framework; sourceTree = BUILT_PRODUCTS_DIR; };
		FFBC1FBA22978777F083AA9E /* Pods-FlixTests.release.xcconfig */ = {isa = PBXFileReference; includeInIndex = 1; lastKnownFileType = text.xcconfig; name = "Pods-FlixTests.release.xcconfig"; path = "Target Support Files/Pods-FlixTests/Pods-FlixTests.release.xcconfig"; sourceTree = "<group>"; };
/* End PBXFileReference section */

/* Begin PBXFrameworksBuildPhase section */
		07A99F7223DFE98D00BD1787 /* Frameworks */ = {
			isa = PBXFrameworksBuildPhase;
			buildActionMask = 2147483647;
			files = (
				9D3A85999E9457B30FE2EC8F /* Pods_Flix.framework in Frameworks */,
			);
			runOnlyForDeploymentPostprocessing = 0;
		};
		07A99F8823DFE98E00BD1787 /* Frameworks */ = {
			isa = PBXFrameworksBuildPhase;
			buildActionMask = 2147483647;
			files = (
				85F5FFFD6648A6DC1E760407 /* Pods_FlixTests.framework in Frameworks */,
			);
			runOnlyForDeploymentPostprocessing = 0;
		};
		07A99F9323DFE98E00BD1787 /* Frameworks */ = {
			isa = PBXFrameworksBuildPhase;
			buildActionMask = 2147483647;
			files = (
				B124FFD12F22B12ECE2D3868 /* Pods_Flix_FlixUITests.framework in Frameworks */,
			);
			runOnlyForDeploymentPostprocessing = 0;
		};
/* End PBXFrameworksBuildPhase section */

/* Begin PBXGroup section */
		07A99F6C23DFE98D00BD1787 = {
			isa = PBXGroup;
			children = (
				07A99F7723DFE98D00BD1787 /* Flix */,
				07A99F8E23DFE98E00BD1787 /* FlixTests */,
				07A99F9923DFE98E00BD1787 /* FlixUITests */,
				07A99F7623DFE98D00BD1787 /* Products */,
				70CF93B3678DBC94F64FBD24 /* Pods */,
				1EAB54E0716957AA299E7E47 /* Frameworks */,
			);
			sourceTree = "<group>";
		};
		07A99F7623DFE98D00BD1787 /* Products */ = {
			isa = PBXGroup;
			children = (
				07A99F7523DFE98D00BD1787 /* Flix.app */,
				07A99F8B23DFE98E00BD1787 /* FlixTests.xctest */,
				07A99F9623DFE98E00BD1787 /* FlixUITests.xctest */,
			);
			name = Products;
			sourceTree = "<group>";
		};
		07A99F7723DFE98D00BD1787 /* Flix */ = {
			isa = PBXGroup;
			children = (
				07A99F7823DFE98D00BD1787 /* AppDelegate.swift */,
				07A99F7A23DFE98D00BD1787 /* SceneDelegate.swift */,
				07A99F7C23DFE98D00BD1787 /* ViewController.swift */,
				07A99F7E23DFE98D00BD1787 /* Main.storyboard */,
				077EF60323EBEBC500A149B9 /* MovieGridViewController.swift */,
				077EF60123EBE38E00A149B9 /* MovieDetailsViewController.swift */,
				07A99F8123DFE98E00BD1787 /* Assets.xcassets */,
				07A99F8323DFE98E00BD1787 /* LaunchScreen.storyboard */,
				07A99F8623DFE98E00BD1787 /* Info.plist */,
				071927CB23E2B0B50040CB39 /* MovieCell.swift */,
				077EF60523EBFDDE00A149B9 /* MovieGridCell.swift */,
			);
			path = Flix;
			sourceTree = "<group>";
		};
		07A99F8E23DFE98E00BD1787 /* FlixTests */ = {
			isa = PBXGroup;
			children = (
				07A99F8F23DFE98E00BD1787 /* FlixTests.swift */,
				07A99F9123DFE98E00BD1787 /* Info.plist */,
			);
			path = FlixTests;
			sourceTree = "<group>";
		};
		07A99F9923DFE98E00BD1787 /* FlixUITests */ = {
			isa = PBXGroup;
			children = (
				07A99F9A23DFE98E00BD1787 /* FlixUITests.swift */,
				07A99F9C23DFE98E00BD1787 /* Info.plist */,
			);
			path = FlixUITests;
			sourceTree = "<group>";
		};
		1EAB54E0716957AA299E7E47 /* Frameworks */ = {
			isa = PBXGroup;
			children = (
				63E3CEF7F08B6D464094DC23 /* Pods_Flix.framework */,
				374E3886764EE3E987ED6D83 /* Pods_Flix_FlixUITests.framework */,
				FB060BA6B72BDA5370318F2C /* Pods_FlixTests.framework */,
			);
			name = Frameworks;
			sourceTree = "<group>";
		};
		70CF93B3678DBC94F64FBD24 /* Pods */ = {
			isa = PBXGroup;
			children = (
				D783F2777F8AAAB5A9CA2390 /* Pods-Flix.debug.xcconfig */,
				73765469CDE9D420A9D1CA18 /* Pods-Flix.release.xcconfig */,
				75F4959D4125AF84B95A8F39 /* Pods-Flix-FlixUITests.debug.xcconfig */,
				725BA14BFA2DCCF934DBBCB7 /* Pods-Flix-FlixUITests.release.xcconfig */,
				F06DAF667B72DA98EC89D41D /* Pods-FlixTests.debug.xcconfig */,
				FFBC1FBA22978777F083AA9E /* Pods-FlixTests.release.xcconfig */,
			);
			path = Pods;
			sourceTree = "<group>";
		};
/* End PBXGroup section */

/* Begin PBXNativeTarget section */
		07A99F7423DFE98D00BD1787 /* Flix */ = {
			isa = PBXNativeTarget;
			buildConfigurationList = 07A99F9F23DFE98E00BD1787 /* Build configuration list for PBXNativeTarget "Flix" */;
			buildPhases = (
				9EADFAA5DEF2F5B24BBECD00 /* [CP] Check Pods Manifest.lock */,
				07A99F7123DFE98D00BD1787 /* Sources */,
				07A99F7223DFE98D00BD1787 /* Frameworks */,
				07A99F7323DFE98D00BD1787 /* Resources */,
				FA0541679B43B312085614EB /* [CP] Embed Pods Frameworks */,
			);
			buildRules = (
			);
			dependencies = (
			);
			name = Flix;
			productName = Flix;
			productReference = 07A99F7523DFE98D00BD1787 /* Flix.app */;
			productType = "com.apple.product-type.application";
		};
		07A99F8A23DFE98E00BD1787 /* FlixTests */ = {
			isa = PBXNativeTarget;
			buildConfigurationList = 07A99FA223DFE98E00BD1787 /* Build configuration list for PBXNativeTarget "FlixTests" */;
			buildPhases = (
				AFD960381930D95551F496F8 /* [CP] Check Pods Manifest.lock */,
				07A99F8723DFE98E00BD1787 /* Sources */,
				07A99F8823DFE98E00BD1787 /* Frameworks */,
				07A99F8923DFE98E00BD1787 /* Resources */,
			);
			buildRules = (
			);
			dependencies = (
				07A99F8D23DFE98E00BD1787 /* PBXTargetDependency */,
			);
			name = FlixTests;
			productName = FlixTests;
			productReference = 07A99F8B23DFE98E00BD1787 /* FlixTests.xctest */;
			productType = "com.apple.product-type.bundle.unit-test";
		};
		07A99F9523DFE98E00BD1787 /* FlixUITests */ = {
			isa = PBXNativeTarget;
			buildConfigurationList = 07A99FA523DFE98E00BD1787 /* Build configuration list for PBXNativeTarget "FlixUITests" */;
			buildPhases = (
				985A0CBE588BEEA5616B5F6B /* [CP] Check Pods Manifest.lock */,
				07A99F9223DFE98E00BD1787 /* Sources */,
				07A99F9323DFE98E00BD1787 /* Frameworks */,
				07A99F9423DFE98E00BD1787 /* Resources */,
				16D23E5BE0078B04E25B8D91 /* [CP] Embed Pods Frameworks */,
			);
			buildRules = (
			);
			dependencies = (
				07A99F9823DFE98E00BD1787 /* PBXTargetDependency */,
			);
			name = FlixUITests;
			productName = FlixUITests;
			productReference = 07A99F9623DFE98E00BD1787 /* FlixUITests.xctest */;
			productType = "com.apple.product-type.bundle.ui-testing";
		};
/* End PBXNativeTarget section */

/* Begin PBXProject section */
		07A99F6D23DFE98D00BD1787 /* Project object */ = {
			isa = PBXProject;
			attributes = {
				LastSwiftUpdateCheck = 1130;
				LastUpgradeCheck = 1130;
				ORGANIZATIONNAME = "Eric Cai";
				TargetAttributes = {
					07A99F7423DFE98D00BD1787 = {
						CreatedOnToolsVersion = 11.3.1;
					};
					07A99F8A23DFE98E00BD1787 = {
						CreatedOnToolsVersion = 11.3.1;
						TestTargetID = 07A99F7423DFE98D00BD1787;
					};
					07A99F9523DFE98E00BD1787 = {
						CreatedOnToolsVersion = 11.3.1;
						TestTargetID = 07A99F7423DFE98D00BD1787;
					};
				};
			};
			buildConfigurationList = 07A99F7023DFE98D00BD1787 /* Build configuration list for PBXProject "Flix" */;
			compatibilityVersion = "Xcode 9.3";
			developmentRegion = en;
			hasScannedForEncodings = 0;
			knownRegions = (
				en,
				Base,
			);
			mainGroup = 07A99F6C23DFE98D00BD1787;
			productRefGroup = 07A99F7623DFE98D00BD1787 /* Products */;
			projectDirPath = "";
			projectRoot = "";
			targets = (
				07A99F7423DFE98D00BD1787 /* Flix */,
				07A99F8A23DFE98E00BD1787 /* FlixTests */,
				07A99F9523DFE98E00BD1787 /* FlixUITests */,
			);
		};
/* End PBXProject section */

/* Begin PBXResourcesBuildPhase section */
		07A99F7323DFE98D00BD1787 /* Resources */ = {
			isa = PBXResourcesBuildPhase;
			buildActionMask = 2147483647;
			files = (
				07A99F8523DFE98E00BD1787 /* LaunchScreen.storyboard in Resources */,
				07A99F8223DFE98E00BD1787 /* Assets.xcassets in Resources */,
				07A99F8023DFE98D00BD1787 /* Main.storyboard in Resources */,
			);
			runOnlyForDeploymentPostprocessing = 0;
		};
		07A99F8923DFE98E00BD1787 /* Resources */ = {
			isa = PBXResourcesBuildPhase;
			buildActionMask = 2147483647;
			files = (
			);
			runOnlyForDeploymentPostprocessing = 0;
		};
		07A99F9423DFE98E00BD1787 /* Resources */ = {
			isa = PBXResourcesBuildPhase;
			buildActionMask = 2147483647;
			files = (
			);
			runOnlyForDeploymentPostprocessing = 0;
		};
/* End PBXResourcesBuildPhase section */

/* Begin PBXShellScriptBuildPhase section */
		16D23E5BE0078B04E25B8D91 /* [CP] Embed Pods Frameworks */ = {
			isa = PBXShellScriptBuildPhase;
			buildActionMask = 2147483647;
			files = (
			);
			inputFileListPaths = (
				"${PODS_ROOT}/Target Support Files/Pods-Flix-FlixUITests/Pods-Flix-FlixUITests-frameworks-${CONFIGURATION}-input-files.xcfilelist",
			);
			name = "[CP] Embed Pods Frameworks";
			outputFileListPaths = (
				"${PODS_ROOT}/Target Support Files/Pods-Flix-FlixUITests/Pods-Flix-FlixUITests-frameworks-${CONFIGURATION}-output-files.xcfilelist",
			);
			runOnlyForDeploymentPostprocessing = 0;
			shellPath = /bin/sh;
			shellScript = "\"${PODS_ROOT}/Target Support Files/Pods-Flix-FlixUITests/Pods-Flix-FlixUITests-frameworks.sh\"\n";
			showEnvVarsInLog = 0;
		};
		985A0CBE588BEEA5616B5F6B /* [CP] Check Pods Manifest.lock */ = {
			isa = PBXShellScriptBuildPhase;
			buildActionMask = 2147483647;
			files = (
			);
			inputFileListPaths = (
			);
			inputPaths = (
				"${PODS_PODFILE_DIR_PATH}/Podfile.lock",
				"${PODS_ROOT}/Manifest.lock",
			);
			name = "[CP] Check Pods Manifest.lock";
			outputFileListPaths = (
			);
			outputPaths = (
				"$(DERIVED_FILE_DIR)/Pods-Flix-FlixUITests-checkManifestLockResult.txt",
			);
			runOnlyForDeploymentPostprocessing = 0;
			shellPath = /bin/sh;
			shellScript = "diff \"${PODS_PODFILE_DIR_PATH}/Podfile.lock\" \"${PODS_ROOT}/Manifest.lock\" > /dev/null\nif [ $? != 0 ] ; then\n    # print error to STDERR\n    echo \"error: The sandbox is not in sync with the Podfile.lock. Run 'pod install' or update your CocoaPods installation.\" >&2\n    exit 1\nfi\n# This output is used by Xcode 'outputs' to avoid re-running this script phase.\necho \"SUCCESS\" > \"${SCRIPT_OUTPUT_FILE_0}\"\n";
			showEnvVarsInLog = 0;
		};
		9EADFAA5DEF2F5B24BBECD00 /* [CP] Check Pods Manifest.lock */ = {
			isa = PBXShellScriptBuildPhase;
			buildActionMask = 2147483647;
			files = (
			);
			inputFileListPaths = (
			);
			inputPaths = (
				"${PODS_PODFILE_DIR_PATH}/Podfile.lock",
				"${PODS_ROOT}/Manifest.lock",
			);
			name = "[CP] Check Pods Manifest.lock";
			outputFileListPaths = (
			);
			outputPaths = (
				"$(DERIVED_FILE_DIR)/Pods-Flix-checkManifestLockResult.txt",
			);
			runOnlyForDeploymentPostprocessing = 0;
			shellPath = /bin/sh;
			shellScript = "diff \"${PODS_PODFILE_DIR_PATH}/Podfile.lock\" \"${PODS_ROOT}/Manifest.lock\" > /dev/null\nif [ $? != 0 ] ; then\n    # print error to STDERR\n    echo \"error: The sandbox is not in sync with the Podfile.lock. Run 'pod install' or update your CocoaPods installation.\" >&2\n    exit 1\nfi\n# This output is used by Xcode 'outputs' to avoid re-running this script phase.\necho \"SUCCESS\" > \"${SCRIPT_OUTPUT_FILE_0}\"\n";
			showEnvVarsInLog = 0;
		};
		AFD960381930D95551F496F8 /* [CP] Check Pods Manifest.lock */ = {
			isa = PBXShellScriptBuildPhase;
			buildActionMask = 2147483647;
			files = (
			);
			inputFileListPaths = (
			);
			inputPaths = (
				"${PODS_PODFILE_DIR_PATH}/Podfile.lock",
				"${PODS_ROOT}/Manifest.lock",
			);
			name = "[CP] Check Pods Manifest.lock";
			outputFileListPaths = (
			);
			outputPaths = (
				"$(DERIVED_FILE_DIR)/Pods-FlixTests-checkManifestLockResult.txt",
			);
			runOnlyForDeploymentPostprocessing = 0;
			shellPath = /bin/sh;
			shellScript = "diff \"${PODS_PODFILE_DIR_PATH}/Podfile.lock\" \"${PODS_ROOT}/Manifest.lock\" > /dev/null\nif [ $? != 0 ] ; then\n    # print error to STDERR\n    echo \"error: The sandbox is not in sync with the Podfile.lock. Run 'pod install' or update your CocoaPods installation.\" >&2\n    exit 1\nfi\n# This output is used by Xcode 'outputs' to avoid re-running this script phase.\necho \"SUCCESS\" > \"${SCRIPT_OUTPUT_FILE_0}\"\n";
			showEnvVarsInLog = 0;
		};
		FA0541679B43B312085614EB /* [CP] Embed Pods Frameworks */ = {
			isa = PBXShellScriptBuildPhase;
			buildActionMask = 2147483647;
			files = (
			);
			inputFileListPaths = (
				"${PODS_ROOT}/Target Support Files/Pods-Flix/Pods-Flix-frameworks-${CONFIGURATION}-input-files.xcfilelist",
			);
			name = "[CP] Embed Pods Frameworks";
			outputFileListPaths = (
				"${PODS_ROOT}/Target Support Files/Pods-Flix/Pods-Flix-frameworks-${CONFIGURATION}-output-files.xcfilelist",
			);
			runOnlyForDeploymentPostprocessing = 0;
			shellPath = /bin/sh;
			shellScript = "\"${PODS_ROOT}/Target Support Files/Pods-Flix/Pods-Flix-frameworks.sh\"\n";
			showEnvVarsInLog = 0;
		};
/* End PBXShellScriptBuildPhase section */

/* Begin PBXSourcesBuildPhase section */
		07A99F7123DFE98D00BD1787 /* Sources */ = {
			isa = PBXSourcesBuildPhase;
			buildActionMask = 2147483647;
			files = (
				077EF60223EBE38E00A149B9 /* MovieDetailsViewController.swift in Sources */,
				07A99F7D23DFE98D00BD1787 /* ViewController.swift in Sources */,
				07A99F7923DFE98D00BD1787 /* AppDelegate.swift in Sources */,
				071927CC23E2B0B50040CB39 /* MovieCell.swift in Sources */,
				07A99F7B23DFE98D00BD1787 /* SceneDelegate.swift in Sources */,
				077EF60423EBEBC500A149B9 /* MovieGridViewController.swift in Sources */,
				077EF60623EBFDDF00A149B9 /* MovieGridCell.swift in Sources */,
			);
			runOnlyForDeploymentPostprocessing = 0;
		};
		07A99F8723DFE98E00BD1787 /* Sources */ = {
			isa = PBXSourcesBuildPhase;
			buildActionMask = 2147483647;
			files = (
				07A99F9023DFE98E00BD1787 /* FlixTests.swift in Sources */,
			);
			runOnlyForDeploymentPostprocessing = 0;
		};
		07A99F9223DFE98E00BD1787 /* Sources */ = {
			isa = PBXSourcesBuildPhase;
			buildActionMask = 2147483647;
			files = (
				07A99F9B23DFE98E00BD1787 /* FlixUITests.swift in Sources */,
			);
			runOnlyForDeploymentPostprocessing = 0;
		};
/* End PBXSourcesBuildPhase section */

/* Begin PBXTargetDependency section */
		07A99F8D23DFE98E00BD1787 /* PBXTargetDependency */ = {
			isa = PBXTargetDependency;
			target = 07A99F7423DFE98D00BD1787 /* Flix */;
			targetProxy = 07A99F8C23DFE98E00BD1787 /* PBXContainerItemProxy */;
		};
		07A99F9823DFE98E00BD1787 /* PBXTargetDependency */ = {
			isa = PBXTargetDependency;
			target = 07A99F7423DFE98D00BD1787 /* Flix */;
			targetProxy = 07A99F9723DFE98E00BD1787 /* PBXContainerItemProxy */;
		};
/* End PBXTargetDependency section */

/* Begin PBXVariantGroup section */
		07A99F7E23DFE98D00BD1787 /* Main.storyboard */ = {
			isa = PBXVariantGroup;
			children = (
				07A99F7F23DFE98D00BD1787 /* Base */,
			);
			name = Main.storyboard;
			sourceTree = "<group>";
		};
		07A99F8323DFE98E00BD1787 /* LaunchScreen.storyboard */ = {
			isa = PBXVariantGroup;
			children = (
				07A99F8423DFE98E00BD1787 /* Base */,
			);
			name = LaunchScreen.storyboard;
			sourceTree = "<group>";
		};
/* End PBXVariantGroup section */

/* Begin XCBuildConfiguration section */
		07A99F9D23DFE98E00BD1787 /* Debug */ = {
			isa = XCBuildConfiguration;
			buildSettings = {
				ALWAYS_SEARCH_USER_PATHS = NO;
				CLANG_ANALYZER_NONNULL = YES;
				CLANG_ANALYZER_NUMBER_OBJECT_CONVERSION = YES_AGGRESSIVE;
				CLANG_CXX_LANGUAGE_STANDARD = "gnu++14";
				CLANG_CXX_LIBRARY = "libc++";
				CLANG_ENABLE_MODULES = YES;
				CLANG_ENABLE_OBJC_ARC = YES;
				CLANG_ENABLE_OBJC_WEAK = YES;
				CLANG_WARN_BLOCK_CAPTURE_AUTORELEASING = YES;
				CLANG_WARN_BOOL_CONVERSION = YES;
				CLANG_WARN_COMMA = YES;
				CLANG_WARN_CONSTANT_CONVERSION = YES;
				CLANG_WARN_DEPRECATED_OBJC_IMPLEMENTATIONS = YES;
				CLANG_WARN_DIRECT_OBJC_ISA_USAGE = YES_ERROR;
				CLANG_WARN_DOCUMENTATION_COMMENTS = YES;
				CLANG_WARN_EMPTY_BODY = YES;
				CLANG_WARN_ENUM_CONVERSION = YES;
				CLANG_WARN_INFINITE_RECURSION = YES;
				CLANG_WARN_INT_CONVERSION = YES;
				CLANG_WARN_NON_LITERAL_NULL_CONVERSION = YES;
				CLANG_WARN_OBJC_IMPLICIT_RETAIN_SELF = YES;
				CLANG_WARN_OBJC_LITERAL_CONVERSION = YES;
				CLANG_WARN_OBJC_ROOT_CLASS = YES_ERROR;
				CLANG_WARN_RANGE_LOOP_ANALYSIS = YES;
				CLANG_WARN_STRICT_PROTOTYPES = YES;
				CLANG_WARN_SUSPICIOUS_MOVE = YES;
				CLANG_WARN_UNGUARDED_AVAILABILITY = YES_AGGRESSIVE;
				CLANG_WARN_UNREACHABLE_CODE = YES;
				CLANG_WARN__DUPLICATE_METHOD_MATCH = YES;
				COPY_PHASE_STRIP = NO;
				DEBUG_INFORMATION_FORMAT = dwarf;
				ENABLE_STRICT_OBJC_MSGSEND = YES;
				ENABLE_TESTABILITY = YES;
				GCC_C_LANGUAGE_STANDARD = gnu11;
				GCC_DYNAMIC_NO_PIC = NO;
				GCC_NO_COMMON_BLOCKS = YES;
				GCC_OPTIMIZATION_LEVEL = 0;
				GCC_PREPROCESSOR_DEFINITIONS = (
					"DEBUG=1",
					"$(inherited)",
				);
				GCC_WARN_64_TO_32_BIT_CONVERSION = YES;
				GCC_WARN_ABOUT_RETURN_TYPE = YES_ERROR;
				GCC_WARN_UNDECLARED_SELECTOR = YES;
				GCC_WARN_UNINITIALIZED_AUTOS = YES_AGGRESSIVE;
				GCC_WARN_UNUSED_FUNCTION = YES;
				GCC_WARN_UNUSED_VARIABLE = YES;
				IPHONEOS_DEPLOYMENT_TARGET = 13.2;
				MTL_ENABLE_DEBUG_INFO = INCLUDE_SOURCE;
				MTL_FAST_MATH = YES;
				ONLY_ACTIVE_ARCH = YES;
				SDKROOT = iphoneos;
				SWIFT_ACTIVE_COMPILATION_CONDITIONS = DEBUG;
				SWIFT_OPTIMIZATION_LEVEL = "-Onone";
			};
			name = Debug;
		};
		07A99F9E23DFE98E00BD1787 /* Release */ = {
			isa = XCBuildConfiguration;
			buildSettings = {
				ALWAYS_SEARCH_USER_PATHS = NO;
				CLANG_ANALYZER_NONNULL = YES;
				CLANG_ANALYZER_NUMBER_OBJECT_CONVERSION = YES_AGGRESSIVE;
				CLANG_CXX_LANGUAGE_STANDARD = "gnu++14";
				CLANG_CXX_LIBRARY = "libc++";
				CLANG_ENABLE_MODULES = YES;
				CLANG_ENABLE_OBJC_ARC = YES;
				CLANG_ENABLE_OBJC_WEAK = YES;
				CLANG_WARN_BLOCK_CAPTURE_AUTORELEASING = YES;
				CLANG_WARN_BOOL_CONVERSION = YES;
				CLANG_WARN_COMMA = YES;
				CLANG_WARN_CONSTANT_CONVERSION = YES;
				CLANG_WARN_DEPRECATED_OBJC_IMPLEMENTATIONS = YES;
				CLANG_WARN_DIRECT_OBJC_ISA_USAGE = YES_ERROR;
				CLANG_WARN_DOCUMENTATION_COMMENTS = YES;
				CLANG_WARN_EMPTY_BODY = YES;
				CLANG_WARN_ENUM_CONVERSION = YES;
				CLANG_WARN_INFINITE_RECURSION = YES;
				CLANG_WARN_INT_CONVERSION = YES;
				CLANG_WARN_NON_LITERAL_NULL_CONVERSION = YES;
				CLANG_WARN_OBJC_IMPLICIT_RETAIN_SELF = YES;
				CLANG_WARN_OBJC_LITERAL_CONVERSION = YES;
				CLANG_WARN_OBJC_ROOT_CLASS = YES_ERROR;
				CLANG_WARN_RANGE_LOOP_ANALYSIS = YES;
				CLANG_WARN_STRICT_PROTOTYPES = YES;
				CLANG_WARN_SUSPICIOUS_MOVE = YES;
				CLANG_WARN_UNGUARDED_AVAILABILITY = YES_AGGRESSIVE;
				CLANG_WARN_UNREACHABLE_CODE = YES;
				CLANG_WARN__DUPLICATE_METHOD_MATCH = YES;
				COPY_PHASE_STRIP = NO;
				DEBUG_INFORMATION_FORMAT = "dwarf-with-dsym";
				ENABLE_NS_ASSERTIONS = NO;
				ENABLE_STRICT_OBJC_MSGSEND = YES;
				GCC_C_LANGUAGE_STANDARD = gnu11;
				GCC_NO_COMMON_BLOCKS = YES;
				GCC_WARN_64_TO_32_BIT_CONVERSION = YES;
				GCC_WARN_ABOUT_RETURN_TYPE = YES_ERROR;
				GCC_WARN_UNDECLARED_SELECTOR = YES;
				GCC_WARN_UNINITIALIZED_AUTOS = YES_AGGRESSIVE;
				GCC_WARN_UNUSED_FUNCTION = YES;
				GCC_WARN_UNUSED_VARIABLE = YES;
				IPHONEOS_DEPLOYMENT_TARGET = 13.2;
				MTL_ENABLE_DEBUG_INFO = NO;
				MTL_FAST_MATH = YES;
				SDKROOT = iphoneos;
				SWIFT_COMPILATION_MODE = wholemodule;
				SWIFT_OPTIMIZATION_LEVEL = "-O";
				VALIDATE_PRODUCT = YES;
			};
			name = Release;
		};
		07A99FA023DFE98E00BD1787 /* Debug */ = {
			isa = XCBuildConfiguration;
			baseConfigurationReference = D783F2777F8AAAB5A9CA2390 /* Pods-Flix.debug.xcconfig */;
			buildSettings = {
				ASSETCATALOG_COMPILER_APPICON_NAME = AppIcon;
				CODE_SIGN_STYLE = Automatic;
				INFOPLIST_FILE = Flix/Info.plist;
				LD_RUNPATH_SEARCH_PATHS = (
					"$(inherited)",
					"@executable_path/Frameworks",
				);
				PRODUCT_BUNDLE_IDENTIFIER = "E-Cai.Flix";
				PRODUCT_NAME = "$(TARGET_NAME)";
				SWIFT_VERSION = 5.0;
				TARGETED_DEVICE_FAMILY = "1,2";
			};
			name = Debug;
		};
		07A99FA123DFE98E00BD1787 /* Release */ = {
			isa = XCBuildConfiguration;
			baseConfigurationReference = 73765469CDE9D420A9D1CA18 /* Pods-Flix.release.xcconfig */;
			buildSettings = {
				ASSETCATALOG_COMPILER_APPICON_NAME = AppIcon;
				CODE_SIGN_STYLE = Automatic;
				INFOPLIST_FILE = Flix/Info.plist;
				LD_RUNPATH_SEARCH_PATHS = (
					"$(inherited)",
					"@executable_path/Frameworks",
				);
				PRODUCT_BUNDLE_IDENTIFIER = "E-Cai.Flix";
				PRODUCT_NAME = "$(TARGET_NAME)";
				SWIFT_VERSION = 5.0;
				TARGETED_DEVICE_FAMILY = "1,2";
			};
			name = Release;
		};
		07A99FA323DFE98E00BD1787 /* Debug */ = {
			isa = XCBuildConfiguration;
			baseConfigurationReference = F06DAF667B72DA98EC89D41D /* Pods-FlixTests.debug.xcconfig */;
			buildSettings = {
				ALWAYS_EMBED_SWIFT_STANDARD_LIBRARIES = YES;
				BUNDLE_LOADER = "$(TEST_HOST)";
				CODE_SIGN_STYLE = Automatic;
				INFOPLIST_FILE = FlixTests/Info.plist;
				IPHONEOS_DEPLOYMENT_TARGET = 13.2;
				LD_RUNPATH_SEARCH_PATHS = (
					"$(inherited)",
					"@executable_path/Frameworks",
					"@loader_path/Frameworks",
				);
				PRODUCT_BUNDLE_IDENTIFIER = "E-Cai.FlixTests";
				PRODUCT_NAME = "$(TARGET_NAME)";
				SWIFT_VERSION = 5.0;
				TARGETED_DEVICE_FAMILY = "1,2";
				TEST_HOST = "$(BUILT_PRODUCTS_DIR)/Flix.app/Flix";
			};
			name = Debug;
		};
		07A99FA423DFE98E00BD1787 /* Release */ = {
			isa = XCBuildConfiguration;
			baseConfigurationReference = FFBC1FBA22978777F083AA9E /* Pods-FlixTests.release.xcconfig */;
			buildSettings = {
				ALWAYS_EMBED_SWIFT_STANDARD_LIBRARIES = YES;
				BUNDLE_LOADER = "$(TEST_HOST)";
				CODE_SIGN_STYLE = Automatic;
				INFOPLIST_FILE = FlixTests/Info.plist;
				IPHONEOS_DEPLOYMENT_TARGET = 13.2;
				LD_RUNPATH_SEARCH_PATHS = (
					"$(inherited)",
					"@executable_path/Frameworks",
					"@loader_path/Frameworks",
				);
				PRODUCT_BUNDLE_IDENTIFIER = "E-Cai.FlixTests";
				PRODUCT_NAME = "$(TARGET_NAME)";
				SWIFT_VERSION = 5.0;
				TARGETED_DEVICE_FAMILY = "1,2";
				TEST_HOST = "$(BUILT_PRODUCTS_DIR)/Flix.app/Flix";
			};
			name = Release;
		};
		07A99FA623DFE98E00BD1787 /* Debug */ = {
			isa = XCBuildConfiguration;
			baseConfigurationReference = 75F4959D4125AF84B95A8F39 /* Pods-Flix-FlixUITests.debug.xcconfig */;
			buildSettings = {
				ALWAYS_EMBED_SWIFT_STANDARD_LIBRARIES = YES;
				CODE_SIGN_STYLE = Automatic;
				INFOPLIST_FILE = FlixUITests/Info.plist;
				LD_RUNPATH_SEARCH_PATHS = (
					"$(inherited)",
					"@executable_path/Frameworks",
					"@loader_path/Frameworks",
				);
				PRODUCT_BUNDLE_IDENTIFIER = "E-Cai.FlixUITests";
				PRODUCT_NAME = "$(TARGET_NAME)";
				SWIFT_VERSION = 5.0;
				TARGETED_DEVICE_FAMILY = "1,2";
				TEST_TARGET_NAME = Flix;
			};
			name = Debug;
		};
		07A99FA723DFE98E00BD1787 /* Release */ = {
			isa = XCBuildConfiguration;
			baseConfigurationReference = 725BA14BFA2DCCF934DBBCB7 /* Pods-Flix-FlixUITests.release.xcconfig */;
			buildSettings = {
				ALWAYS_EMBED_SWIFT_STANDARD_LIBRARIES = YES;
				CODE_SIGN_STYLE = Automatic;
				INFOPLIST_FILE = FlixUITests/Info.plist;
				LD_RUNPATH_SEARCH_PATHS = (
					"$(inherited)",
					"@executable_path/Frameworks",
					"@loader_path/Frameworks",
				);
				PRODUCT_BUNDLE_IDENTIFIER = "E-Cai.FlixUITests";
				PRODUCT_NAME = "$(TARGET_NAME)";
				SWIFT_VERSION = 5.0;
				TARGETED_DEVICE_FAMILY = "1,2";
				TEST_TARGET_NAME = Flix;
			};
			name = Release;
		};
/* End XCBuildConfiguration section */

/* Begin XCConfigurationList section */
		07A99F7023DFE98D00BD1787 /* Build configuration list for PBXProject "Flix" */ = {
			isa = XCConfigurationList;
			buildConfigurations = (
				07A99F9D23DFE98E00BD1787 /* Debug */,
				07A99F9E23DFE98E00BD1787 /* Release */,
			);
			defaultConfigurationIsVisible = 0;
			defaultConfigurationName = Release;
		};
		07A99F9F23DFE98E00BD1787 /* Build configuration list for PBXNativeTarget "Flix" */ = {
			isa = XCConfigurationList;
			buildConfigurations = (
				07A99FA023DFE98E00BD1787 /* Debug */,
				07A99FA123DFE98E00BD1787 /* Release */,
			);
			defaultConfigurationIsVisible = 0;
			defaultConfigurationName = Release;
		};
		07A99FA223DFE98E00BD1787 /* Build configuration list for PBXNativeTarget "FlixTests" */ = {
			isa = XCConfigurationList;
			buildConfigurations = (
				07A99FA323DFE98E00BD1787 /* Debug */,
				07A99FA423DFE98E00BD1787 /* Release */,
			);
			defaultConfigurationIsVisible = 0;
			defaultConfigurationName = Release;
		};
		07A99FA523DFE98E00BD1787 /* Build configuration list for PBXNativeTarget "FlixUITests" */ = {
			isa = XCConfigurationList;
			buildConfigurations = (
				07A99FA623DFE98E00BD1787 /* Debug */,
				07A99FA723DFE98E00BD1787 /* Release */,
			);
			defaultConfigurationIsVisible = 0;
			defaultConfigurationName = Release;
		};
/* End XCConfigurationList section */
	};
	rootObject = 07A99F6D23DFE98D00BD1787 /* Project object */;
}
